
Microsoft Visual Studio Solution File, Format Version 12.00
# Visual Studio Version 17
VisualStudioVersion = 17.9.34902.65
MinimumVisualStudioVersion = 10.0.40219.1
Project("{FAE04EC0-301F-11D3-BF4B-00C04F79EFBC}") = "Sparkle", "Sparkle\Sparkle.csproj", "{FD3B9A38-2E44-4AD6-935F-5B90C1C4C0FD}"
EndProject
Global
	GlobalSection(SolutionConfigurationPlatforms) = preSolution
		Debug|Any CPU = Debug|Any CPU
		Release|Any CPU = Release|Any CPU
	EndGlobalSection
	GlobalSection(ProjectConfigurationPlatforms) = postSolution
		{FD3B9A38-2E44-4AD6-935F-5B90C1C4C0FD}.Debug|Any CPU.ActiveCfg = Debug|Any CPU
		{FD3B9A38-2E44-4AD6-935F-5B90C1C4C0FD}.Debug|Any CPU.Build.0 = Debug|Any CPU
		{FD3B9A38-2E44-4AD6-935F-5B90C1C4C0FD}.Release|Any CPU.ActiveCfg = Release|Any CPU
		{FD3B9A38-2E44-4AD6-935F-5B90C1C4C0FD}.Release|Any CPU.Build.0 = Release|Any CPU
	EndGlobalSection
	GlobalSection(SolutionProperties) = preSolution
		HideSolutionNode = FALSE
	EndGlobalSection
	GlobalSection(ExtensibilityGlobals) = postSolution
		SolutionGuid = {D4E0F23E-CEAF-4B76-8DFE-4CE5F0C1335B}
	EndGlobalSection
EndGlobal
